
Microsoft Visual Studio Solution File, Format Version 12.00
# Visual Studio Version 16
VisualStudioVersion = 16.0.31005.135
MinimumVisualStudioVersion = 10.0.40219.1
Project("{FAE04EC0-301F-11D3-BF4B-00C04F79EFBC}") = "CalculaJuros.API", "CalculaJuros.API\CalculaJuros.API.csproj", "{8633A910-EA7F-4E31-AADB-8478F04EB56C}"
EndProject
Project("{2150E333-8FDC-42A3-9474-1A3956D46DE8}") = "CalculaJuros", "CalculaJuros", "{27D0B740-953C-404D-ADF9-EFA6B67D2614}"
EndProject
Project("{FAE04EC0-301F-11D3-BF4B-00C04F79EFBC}") = "CalculaJuros.Application", "CalculaJuros.Application\CalculaJuros.Application.csproj", "{406E5A21-1E8D-4054-8883-5CCBB2D2356A}"
EndProject
Project("{2150E333-8FDC-42A3-9474-1A3956D46DE8}") = "RetornaJuros", "RetornaJuros", "{192E2DDE-B618-428F-9705-956D02F78593}"
EndProject
Project("{FAE04EC0-301F-11D3-BF4B-00C04F79EFBC}") = "RetornaJuros.API", "RetornaJuros.API\RetornaJuros.API.csproj", "{DB9A496C-4D6A-4A4B-8863-6ADB68DBFB5D}"
EndProject
Project("{FAE04EC0-301F-11D3-BF4B-00C04F79EFBC}") = "RetornarJuros.Application", "RetornarJuros.Application\RetornarJuros.Application.csproj", "{70FE9DFC-5378-442D-9BE2-E2862CA92DB2}"
EndProject
Project("{FAE04EC0-301F-11D3-BF4B-00C04F79EFBC}") = "CalculaJuros.UnitTests", "CalculaJuros.UnitTests\CalculaJuros.UnitTests.csproj", "{B33315B4-9E8F-4D9B-B41D-7D938C1A4989}"
EndProject
Global
	GlobalSection(SolutionConfigurationPlatforms) = preSolution
		Debug|Any CPU = Debug|Any CPU
		Release|Any CPU = Release|Any CPU
	EndGlobalSection
	GlobalSection(ProjectConfigurationPlatforms) = postSolution
		{8633A910-EA7F-4E31-AADB-8478F04EB56C}.Debug|Any CPU.ActiveCfg = Debug|Any CPU
		{8633A910-EA7F-4E31-AADB-8478F04EB56C}.Debug|Any CPU.Build.0 = Debug|Any CPU
		{8633A910-EA7F-4E31-AADB-8478F04EB56C}.Release|Any CPU.ActiveCfg = Release|Any CPU
		{8633A910-EA7F-4E31-AADB-8478F04EB56C}.Release|Any CPU.Build.0 = Release|Any CPU
		{406E5A21-1E8D-4054-8883-5CCBB2D2356A}.Debug|Any CPU.ActiveCfg = Debug|Any CPU
		{406E5A21-1E8D-4054-8883-5CCBB2D2356A}.Debug|Any CPU.Build.0 = Debug|Any CPU
		{406E5A21-1E8D-4054-8883-5CCBB2D2356A}.Release|Any CPU.ActiveCfg = Release|Any CPU
		{406E5A21-1E8D-4054-8883-5CCBB2D2356A}.Release|Any CPU.Build.0 = Release|Any CPU
		{DB9A496C-4D6A-4A4B-8863-6ADB68DBFB5D}.Debug|Any CPU.ActiveCfg = Debug|Any CPU
		{DB9A496C-4D6A-4A4B-8863-6ADB68DBFB5D}.Debug|Any CPU.Build.0 = Debug|Any CPU
		{DB9A496C-4D6A-4A4B-8863-6ADB68DBFB5D}.Release|Any CPU.ActiveCfg = Release|Any CPU
		{DB9A496C-4D6A-4A4B-8863-6ADB68DBFB5D}.Release|Any CPU.Build.0 = Release|Any CPU
		{70FE9DFC-5378-442D-9BE2-E2862CA92DB2}.Debug|Any CPU.ActiveCfg = Debug|Any CPU
		{70FE9DFC-5378-442D-9BE2-E2862CA92DB2}.Debug|Any CPU.Build.0 = Debug|Any CPU
		{70FE9DFC-5378-442D-9BE2-E2862CA92DB2}.Release|Any CPU.ActiveCfg = Release|Any CPU
		{70FE9DFC-5378-442D-9BE2-E2862CA92DB2}.Release|Any CPU.Build.0 = Release|Any CPU
		{B33315B4-9E8F-4D9B-B41D-7D938C1A4989}.Debug|Any CPU.ActiveCfg = Debug|Any CPU
		{B33315B4-9E8F-4D9B-B41D-7D938C1A4989}.Debug|Any CPU.Build.0 = Debug|Any CPU
		{B33315B4-9E8F-4D9B-B41D-7D938C1A4989}.Release|Any CPU.ActiveCfg = Release|Any CPU
		{B33315B4-9E8F-4D9B-B41D-7D938C1A4989}.Release|Any CPU.Build.0 = Release|Any CPU
	EndGlobalSection
	GlobalSection(SolutionProperties) = preSolution
		HideSolutionNode = FALSE
	EndGlobalSection
	GlobalSection(NestedProjects) = preSolution
		{8633A910-EA7F-4E31-AADB-8478F04EB56C} = {27D0B740-953C-404D-ADF9-EFA6B67D2614}
		{406E5A21-1E8D-4054-8883-5CCBB2D2356A} = {27D0B740-953C-404D-ADF9-EFA6B67D2614}
		{DB9A496C-4D6A-4A4B-8863-6ADB68DBFB5D} = {192E2DDE-B618-428F-9705-956D02F78593}
		{70FE9DFC-5378-442D-9BE2-E2862CA92DB2} = {192E2DDE-B618-428F-9705-956D02F78593}
		{B33315B4-9E8F-4D9B-B41D-7D938C1A4989} = {27D0B740-953C-404D-ADF9-EFA6B67D2614}
	EndGlobalSection
	GlobalSection(ExtensibilityGlobals) = postSolution
		SolutionGuid = {F3767E40-5CC6-4C2E-AC9B-A10A8D51143B}
	EndGlobalSection
EndGlobal
